// !$*UTF8*$!
{
	archiveVersion = 1;
	classes = {
	};
	objectVersion = 56;
	objects = {

/* Begin PBXBuildFile section */
		D4DED7FE2A753AC600FEB21E /* Hakcer_NewsApp.swift in Sources */ = {isa = PBXBuildFile; fileRef = D4DED7FD2A753AC600FEB21E /* Hakcer_NewsApp.swift */; };
		D4DED8002A753AC600FEB21E /* ContentView.swift in Sources */ = {isa = PBXBuildFile; fileRef = D4DED7FF2A753AC600FEB21E /* ContentView.swift */; };
		D4DED8022A753AC900FEB21E /* Assets.xcassets in Resources */ = {isa = PBXBuildFile; fileRef = D4DED8012A753AC900FEB21E /* Assets.xcassets */; };
		D4DED8052A753AC900FEB21E /* Preview Assets.xcassets in Resources */ = {isa = PBXBuildFile; fileRef = D4DED8042A753AC900FEB21E /* Preview Assets.xcassets */; };
		D4DED80D2A761FCE00FEB21E /* NetworkManager.swift in Sources */ = {isa = PBXBuildFile; fileRef = D4DED80C2A761FCE00FEB21E /* NetworkManager.swift */; };
		D4DED80F2A76211700FEB21E /* PostData.swift in Sources */ = {isa = PBXBuildFile; fileRef = D4DED80E2A76211700FEB21E /* PostData.swift */; };
		D4DED8122A766BAF00FEB21E /* DetailView.swift in Sources */ = {isa = PBXBuildFile; fileRef = D4DED8112A766BAF00FEB21E /* DetailView.swift */; };
		D4DED8142A76CC4000FEB21E /* WebView.swift in Sources */ = {isa = PBXBuildFile; fileRef = D4DED8132A76CC4000FEB21E /* WebView.swift */; };
/* End PBXBuildFile section */

/* Begin PBXFileReference section */
		D4DED7FA2A753AC600FEB21E /* Hakcer News.app */ = {isa = PBXFileReference; explicitFileType = wrapper.application; includeInIndex = 0; path = "Hakcer News.app"; sourceTree = BUILT_PRODUCTS_DIR; };
		D4DED7FD2A753AC600FEB21E /* Hakcer_NewsApp.swift */ = {isa = PBXFileReference; lastKnownFileType = sourcecode.swift; path = Hakcer_NewsApp.swift; sourceTree = "<group>"; };
		D4DED7FF2A753AC600FEB21E /* ContentView.swift */ = {isa = PBXFileReference; lastKnownFileType = sourcecode.swift; path = ContentView.swift; sourceTree = "<group>"; };
		D4DED8012A753AC900FEB21E /* Assets.xcassets */ = {isa = PBXFileReference; lastKnownFileType = folder.assetcatalog; path = Assets.xcassets; sourceTree = "<group>"; };
		D4DED8042A753AC900FEB21E /* Preview Assets.xcassets */ = {isa = PBXFileReference; lastKnownFileType = folder.assetcatalog; path = "Preview Assets.xcassets"; sourceTree = "<group>"; };
		D4DED80C2A761FCE00FEB21E /* NetworkManager.swift */ = {isa = PBXFileReference; lastKnownFileType = sourcecode.swift; path = NetworkManager.swift; sourceTree = "<group>"; };
		D4DED80E2A76211700FEB21E /* PostData.swift */ = {isa = PBXFileReference; lastKnownFileType = sourcecode.swift; path = PostData.swift; sourceTree = "<group>"; };
		D4DED8112A766BAF00FEB21E /* DetailView.swift */ = {isa = PBXFileReference; lastKnownFileType = sourcecode.swift; path = DetailView.swift; sourceTree = "<group>"; };
		D4DED8132A76CC4000FEB21E /* WebView.swift */ = {isa = PBXFileReference; lastKnownFileType = sourcecode.swift; path = WebView.swift; sourceTree = "<group>"; };
/* End PBXFileReference section */

/* Begin PBXFrameworksBuildPhase section */
		D4DED7F72A753AC600FEB21E /* Frameworks */ = {
			isa = PBXFrameworksBuildPhase;
			buildActionMask = 2147483647;
			files = (
			);
			runOnlyForDeploymentPostprocessing = 0;
		};
/* End PBXFrameworksBuildPhase section */

/* Begin PBXGroup section */
		D4DED7F12A753AC600FEB21E = {
			isa = PBXGroup;
			children = (
				D4DED7FC2A753AC600FEB21E /* Hakcer News */,
				D4DED7FB2A753AC600FEB21E /* Products */,
			);
			sourceTree = "<group>";
		};
		D4DED7FB2A753AC600FEB21E /* Products */ = {
			isa = PBXGroup;
			children = (
				D4DED7FA2A753AC600FEB21E /* Hakcer News.app */,
			);
			name = Products;
			sourceTree = "<group>";
		};
		D4DED7FC2A753AC600FEB21E /* Hakcer News */ = {
			isa = PBXGroup;
			children = (
				D4DED80B2A761FB800FEB21E /* Model */,
				D4DED7FD2A753AC600FEB21E /* Hakcer_NewsApp.swift */,
				D4DED8102A766B7B00FEB21E /* New Group */,
				D4DED8012A753AC900FEB21E /* Assets.xcassets */,
				D4DED8032A753AC900FEB21E /* Preview Content */,
			);
			path = "Hakcer News";
			sourceTree = "<group>";
		};
		D4DED8032A753AC900FEB21E /* Preview Content */ = {
			isa = PBXGroup;
			children = (
				D4DED8042A753AC900FEB21E /* Preview Assets.xcassets */,
			);
			path = "Preview Content";
			sourceTree = "<group>";
		};
		D4DED80B2A761FB800FEB21E /* Model */ = {
			isa = PBXGroup;
			children = (
				D4DED80C2A761FCE00FEB21E /* NetworkManager.swift */,
				D4DED80E2A76211700FEB21E /* PostData.swift */,
			);
			path = Model;
			sourceTree = "<group>";
		};
		D4DED8102A766B7B00FEB21E /* New Group */ = {
			isa = PBXGroup;
			children = (
				D4DED7FF2A753AC600FEB21E /* ContentView.swift */,
				D4DED8112A766BAF00FEB21E /* DetailView.swift */,
				D4DED8132A76CC4000FEB21E /* WebView.swift */,
			);
			path = "New Group";
			sourceTree = "<group>";
		};
/* End PBXGroup section */

/* Begin PBXNativeTarget section */
		D4DED7F92A753AC600FEB21E /* Hakcer News */ = {
			isa = PBXNativeTarget;
			buildConfigurationList = D4DED8082A753AC900FEB21E /* Build configuration list for PBXNativeTarget "Hakcer News" */;
			buildPhases = (
				D4DED7F62A753AC600FEB21E /* Sources */,
				D4DED7F72A753AC600FEB21E /* Frameworks */,
				D4DED7F82A753AC600FEB21E /* Resources */,
			);
			buildRules = (
			);
			dependencies = (
			);
			name = "Hakcer News";
			productName = "Hakcer News";
			productReference = D4DED7FA2A753AC600FEB21E /* Hakcer News.app */;
			productType = "com.apple.product-type.application";
		};
/* End PBXNativeTarget section */

/* Begin PBXProject section */
		D4DED7F22A753AC600FEB21E /* Project object */ = {
			isa = PBXProject;
			attributes = {
				BuildIndependentTargetsInParallel = 1;
				LastSwiftUpdateCheck = 1420;
				LastUpgradeCheck = 1420;
				TargetAttributes = {
					D4DED7F92A753AC600FEB21E = {
						CreatedOnToolsVersion = 14.2;
					};
				};
			};
			buildConfigurationList = D4DED7F52A753AC600FEB21E /* Build configuration list for PBXProject "Hakcer News" */;
			compatibilityVersion = "Xcode 14.0";
			developmentRegion = en;
			hasScannedForEncodings = 0;
			knownRegions = (
				en,
				Base,
			);
			mainGroup = D4DED7F12A753AC600FEB21E;
			productRefGroup = D4DED7FB2A753AC600FEB21E /* Products */;
			projectDirPath = "";
			projectRoot = "";
			targets = (
				D4DED7F92A753AC600FEB21E /* Hakcer News */,
			);
		};
/* End PBXProject section */

/* Begin PBXResourcesBuildPhase section */
		D4DED7F82A753AC600FEB21E /* Resources */ = {
			isa = PBXResourcesBuildPhase;
			buildActionMask = 2147483647;
			files = (
				D4DED8052A753AC900FEB21E /* Preview Assets.xcassets in Resources */,
				D4DED8022A753AC900FEB21E /* Assets.xcassets in Resources */,
			);
			runOnlyForDeploymentPostprocessing = 0;
		};
/* End PBXResourcesBuildPhase section */

/* Begin PBXSourcesBuildPhase section */
		D4DED7F62A753AC600FEB21E /* Sources */ = {
			isa = PBXSourcesBuildPhase;
			buildActionMask = 2147483647;
			files = (
				D4DED80D2A761FCE00FEB21E /* NetworkManager.swift in Sources */,
				D4DED80F2A76211700FEB21E /* PostData.swift in Sources */,
				D4DED8002A753AC600FEB21E /* ContentView.swift in Sources */,
				D4DED8142A76CC4000FEB21E /* WebView.swift in Sources */,
				D4DED8122A766BAF00FEB21E /* DetailView.swift in Sources */,
				D4DED7FE2A753AC600FEB21E /* Hakcer_NewsApp.swift in Sources */,
			);
			runOnlyForDeploymentPostprocessing = 0;
		};
/* End PBXSourcesBuildPhase section */

/* Begin XCBuildConfiguration section */
		D4DED8062A753AC900FEB21E /* Debug */ = {
			isa = XCBuildConfiguration;
			buildSettings = {
				ALWAYS_SEARCH_USER_PATHS = NO;
				CLANG_ANALYZER_NONNULL = YES;
				CLANG_ANALYZER_NUMBER_OBJECT_CONVERSION = YES_AGGRESSIVE;
				CLANG_CXX_LANGUAGE_STANDARD = "gnu++20";
				CLANG_ENABLE_MODULES = YES;
				CLANG_ENABLE_OBJC_ARC = YES;
				CLANG_ENABLE_OBJC_WEAK = YES;
				CLANG_WARN_BLOCK_CAPTURE_AUTORELEASING = YES;
				CLANG_WARN_BOOL_CONVERSION = YES;
				CLANG_WARN_COMMA = YES;
				CLANG_WARN_CONSTANT_CONVERSION = YES;
				CLANG_WARN_DEPRECATED_OBJC_IMPLEMENTATIONS = YES;
				CLANG_WARN_DIRECT_OBJC_ISA_USAGE = YES_ERROR;
				CLANG_WARN_DOCUMENTATION_COMMENTS = YES;
				CLANG_WARN_EMPTY_BODY = YES;
				CLANG_WARN_ENUM_CONVERSION = YES;
				CLANG_WARN_INFINITE_RECURSION = YES;
				CLANG_WARN_INT_CONVERSION = YES;
				CLANG_WARN_NON_LITERAL_NULL_CONVERSION = YES;
				CLANG_WARN_OBJC_IMPLICIT_RETAIN_SELF = YES;
				CLANG_WARN_OBJC_LITERAL_CONVERSION = YES;
				CLANG_WARN_OBJC_ROOT_CLASS = YES_ERROR;
				CLANG_WARN_QUOTED_INCLUDE_IN_FRAMEWORK_HEADER = YES;
				CLANG_WARN_RANGE_LOOP_ANALYSIS = YES;
				CLANG_WARN_STRICT_PROTOTYPES = YES;
				CLANG_WARN_SUSPICIOUS_MOVE = YES;
				CLANG_WARN_UNGUARDED_AVAILABILITY = YES_AGGRESSIVE;
				CLANG_WARN_UNREACHABLE_CODE = YES;
				CLANG_WARN__DUPLICATE_METHOD_MATCH = YES;
				COPY_PHASE_STRIP = NO;
				DEBUG_INFORMATION_FORMAT = dwarf;
				ENABLE_STRICT_OBJC_MSGSEND = YES;
				ENABLE_TESTABILITY = YES;
				GCC_C_LANGUAGE_STANDARD = gnu11;
				GCC_DYNAMIC_NO_PIC = NO;
				GCC_NO_COMMON_BLOCKS = YES;
				GCC_OPTIMIZATION_LEVEL = 0;
				GCC_PREPROCESSOR_DEFINITIONS = (
					"DEBUG=1",
					"$(inherited)",
				);
				GCC_WARN_64_TO_32_BIT_CONVERSION = YES;
				GCC_WARN_ABOUT_RETURN_TYPE = YES_ERROR;
				GCC_WARN_UNDECLARED_SELECTOR = YES;
				GCC_WARN_UNINITIALIZED_AUTOS = YES_AGGRESSIVE;
				GCC_WARN_UNUSED_FUNCTION = YES;
				GCC_WARN_UNUSED_VARIABLE = YES;
				IPHONEOS_DEPLOYMENT_TARGET = 16.2;
				MTL_ENABLE_DEBUG_INFO = INCLUDE_SOURCE;
				MTL_FAST_MATH = YES;
				ONLY_ACTIVE_ARCH = YES;
				SDKROOT = iphoneos;
				SWIFT_ACTIVE_COMPILATION_CONDITIONS = DEBUG;
				SWIFT_OPTIMIZATION_LEVEL = "-Onone";
			};
			name = Debug;
		};
		D4DED8072A753AC900FEB21E /* Release */ = {
			isa = XCBuildConfiguration;
			buildSettings = {
				ALWAYS_SEARCH_USER_PATHS = NO;
				CLANG_ANALYZER_NONNULL = YES;
				CLANG_ANALYZER_NUMBER_OBJECT_CONVERSION = YES_AGGRESSIVE;
				CLANG_CXX_LANGUAGE_STANDARD = "gnu++20";
				CLANG_ENABLE_MODULES = YES;
				CLANG_ENABLE_OBJC_ARC = YES;
				CLANG_ENABLE_OBJC_WEAK = YES;
				CLANG_WARN_BLOCK_CAPTURE_AUTORELEASING = YES;
				CLANG_WARN_BOOL_CONVERSION = YES;
				CLANG_WARN_COMMA = YES;
				CLANG_WARN_CONSTANT_CONVERSION = YES;
				CLANG_WARN_DEPRECATED_OBJC_IMPLEMENTATIONS = YES;
				CLANG_WARN_DIRECT_OBJC_ISA_USAGE = YES_ERROR;
				CLANG_WARN_DOCUMENTATION_COMMENTS = YES;
				CLANG_WARN_EMPTY_BODY = YES;
				CLANG_WARN_ENUM_CONVERSION = YES;
				CLANG_WARN_INFINITE_RECURSION = YES;
				CLANG_WARN_INT_CONVERSION = YES;
				CLANG_WARN_NON_LITERAL_NULL_CONVERSION = YES;
				CLANG_WARN_OBJC_IMPLICIT_RETAIN_SELF = YES;
				CLANG_WARN_OBJC_LITERAL_CONVERSION = YES;
				CLANG_WARN_OBJC_ROOT_CLASS = YES_ERROR;
				CLANG_WARN_QUOTED_INCLUDE_IN_FRAMEWORK_HEADER = YES;
				CLANG_WARN_RANGE_LOOP_ANALYSIS = YES;
				CLANG_WARN_STRICT_PROTOTYPES = YES;
				CLANG_WARN_SUSPICIOUS_MOVE = YES;
				CLANG_WARN_UNGUARDED_AVAILABILITY = YES_AGGRESSIVE;
				CLANG_WARN_UNREACHABLE_CODE = YES;
				CLANG_WARN__DUPLICATE_METHOD_MATCH = YES;
				COPY_PHASE_STRIP = NO;
				DEBUG_INFORMATION_FORMAT = "dwarf-with-dsym";
				ENABLE_NS_ASSERTIONS = NO;
				ENABLE_STRICT_OBJC_MSGSEND = YES;
				GCC_C_LANGUAGE_STANDARD = gnu11;
				GCC_NO_COMMON_BLOCKS = YES;
				GCC_WARN_64_TO_32_BIT_CONVERSION = YES;
				GCC_WARN_ABOUT_RETURN_TYPE = YES_ERROR;
				GCC_WARN_UNDECLARED_SELECTOR = YES;
				GCC_WARN_UNINITIALIZED_AUTOS = YES_AGGRESSIVE;
				GCC_WARN_UNUSED_FUNCTION = YES;
				GCC_WARN_UNUSED_VARIABLE = YES;
				IPHONEOS_DEPLOYMENT_TARGET = 16.2;
				MTL_ENABLE_DEBUG_INFO = NO;
				MTL_FAST_MATH = YES;
				SDKROOT = iphoneos;
				SWIFT_COMPILATION_MODE = wholemodule;
				SWIFT_OPTIMIZATION_LEVEL = "-O";
				VALIDATE_PRODUCT = YES;
			};
			name = Release;
		};
		D4DED8092A753AC900FEB21E /* Debug */ = {
			isa = XCBuildConfiguration;
			buildSettings = {
				ASSETCATALOG_COMPILER_APPICON_NAME = AppIcon;
				ASSETCATALOG_COMPILER_GLOBAL_ACCENT_COLOR_NAME = AccentColor;
				CODE_SIGN_STYLE = Automatic;
				CURRENT_PROJECT_VERSION = 1;
				DEVELOPMENT_ASSET_PATHS = "\"Hakcer News/Preview Content\"";
				DEVELOPMENT_TEAM = HFG85UBJFK;
				ENABLE_PREVIEWS = YES;
				GENERATE_INFOPLIST_FILE = YES;
				INFOPLIST_KEY_UIApplicationSceneManifest_Generation = YES;
				INFOPLIST_KEY_UIApplicationSupportsIndirectInputEvents = YES;
				INFOPLIST_KEY_UILaunchScreen_Generation = YES;
				INFOPLIST_KEY_UISupportedInterfaceOrientations_iPad = "UIInterfaceOrientationPortrait UIInterfaceOrientationPortraitUpsideDown UIInterfaceOrientationLandscapeLeft UIInterfaceOrientationLandscapeRight";
				INFOPLIST_KEY_UISupportedInterfaceOrientations_iPhone = "UIInterfaceOrientationPortrait UIInterfaceOrientationLandscapeLeft UIInterfaceOrientationLandscapeRight";
				LD_RUNPATH_SEARCH_PATHS = (
					"$(inherited)",
					"@executable_path/Frameworks",
				);
				MARKETING_VERSION = 1.0;
				PRODUCT_BUNDLE_IDENTIFIER = "com.vietphuongdo.Hakcer-News";
				PRODUCT_NAME = "$(TARGET_NAME)";
				SWIFT_EMIT_LOC_STRINGS = YES;
				SWIFT_VERSION = 5.0;
				TARGETED_DEVICE_FAMILY = "1,2";
			};
			name = Debug;
		};
		D4DED80A2A753AC900FEB21E /* Release */ = {
			isa = XCBuildConfiguration;
			buildSettings = {
				ASSETCATALOG_COMPILER_APPICON_NAME = AppIcon;
				ASSETCATALOG_COMPILER_GLOBAL_ACCENT_COLOR_NAME = AccentColor;
				CODE_SIGN_STYLE = Automatic;
				CURRENT_PROJECT_VERSION = 1;
				DEVELOPMENT_ASSET_PATHS = "\"Hakcer News/Preview Content\"";
				DEVELOPMENT_TEAM = HFG85UBJFK;
				ENABLE_PREVIEWS = YES;
				GENERATE_INFOPLIST_FILE = YES;
				INFOPLIST_KEY_UIApplicationSceneManifest_Generation = YES;
				INFOPLIST_KEY_UIApplicationSupportsIndirectInputEvents = YES;
				INFOPLIST_KEY_UILaunchScreen_Generation = YES;
				INFOPLIST_KEY_UISupportedInterfaceOrientations_iPad = "UIInterfaceOrientationPortrait UIInterfaceOrientationPortraitUpsideDown UIInterfaceOrientationLandscapeLeft UIInterfaceOrientationLandscapeRight";
				INFOPLIST_KEY_UISupportedInterfaceOrientations_iPhone = "UIInterfaceOrientationPortrait UIInterfaceOrientationLandscapeLeft UIInterfaceOrientationLandscapeRight";
				LD_RUNPATH_SEARCH_PATHS = (
					"$(inherited)",
					"@executable_path/Frameworks",
				);
				MARKETING_VERSION = 1.0;
				PRODUCT_BUNDLE_IDENTIFIER = "com.vietphuongdo.Hakcer-News";
				PRODUCT_NAME = "$(TARGET_NAME)";
				SWIFT_EMIT_LOC_STRINGS = YES;
				SWIFT_VERSION = 5.0;
				TARGETED_DEVICE_FAMILY = "1,2";
			};
			name = Release;
		};
/* End XCBuildConfiguration section */

/* Begin XCConfigurationList section */
		D4DED7F52A753AC600FEB21E /* Build configuration list for PBXProject "Hakcer News" */ = {
			isa = XCConfigurationList;
			buildConfigurations = (
				D4DED8062A753AC900FEB21E /* Debug */,
				D4DED8072A753AC900FEB21E /* Release */,
			);
			defaultConfigurationIsVisible = 0;
			defaultConfigurationName = Release;
		};
		D4DED8082A753AC900FEB21E /* Build configuration list for PBXNativeTarget "Hakcer News" */ = {
			isa = XCConfigurationList;
			buildConfigurations = (
				D4DED8092A753AC900FEB21E /* Debug */,
				D4DED80A2A753AC900FEB21E /* Release */,
			);
			defaultConfigurationIsVisible = 0;
			defaultConfigurationName = Release;
		};
/* End XCConfigurationList section */
	};
	rootObject = D4DED7F22A753AC600FEB21E /* Project object */;
}
